
Microsoft Visual Studio Solution File, Format Version 12.00
# Visual Studio Version 17
VisualStudioVersion = 17.11.35303.130
MinimumVisualStudioVersion = 10.0.40219.1
Project("{FAE04EC0-301F-11D3-BF4B-00C04F79EFBC}") = "CompetencyLabThree", "CompetencyLabThree.csproj", "{43ABB26D-7424-4500-B29A-FA1005DC3E7F}"
EndProject
Global
	GlobalSection(SolutionConfigurationPlatforms) = preSolution
		Debug|Any CPU = Debug|Any CPU
		Release|Any CPU = Release|Any CPU
	EndGlobalSection
	GlobalSection(ProjectConfigurationPlatforms) = postSolution
		{43ABB26D-7424-4500-B29A-FA1005DC3E7F}.Debug|Any CPU.ActiveCfg = Debug|Any CPU
		{43ABB26D-7424-4500-B29A-FA1005DC3E7F}.Debug|Any CPU.Build.0 = Debug|Any CPU
		{43ABB26D-7424-4500-B29A-FA1005DC3E7F}.Release|Any CPU.ActiveCfg = Release|Any CPU
		{43ABB26D-7424-4500-B29A-FA1005DC3E7F}.Release|Any CPU.Build.0 = Release|Any CPU
	EndGlobalSection
	GlobalSection(SolutionProperties) = preSolution
		HideSolutionNode = FALSE
	EndGlobalSection
	GlobalSection(ExtensibilityGlobals) = postSolution
		SolutionGuid = {5176018E-BAD9-4334-8BFE-084738A427EA}
	EndGlobalSection
EndGlobal
